{
  "name": "employees",
  "version": "1.0.0",
  "lockfileVersion": 3,
  "requires": true,
  "packages": {
    "": {
      "name": "employees",
      "version": "1.0.0",
      "license": "ISC",
      "dependencies": {
        "sqlite": "^5.1.1"
      }
    },
    "node_modules/sqlite": {
      "version": "5.1.1",
      "resolved": "https://registry.npmjs.org/sqlite/-/sqlite-5.1.1.tgz",
      "integrity": "sha512-oBkezXa2hnkfuJwUo44Hl9hS3er+YFtueifoajrgidvqsJRQFpc5fKoAkAor1O5ZnLoa28GBScfHXs8j0K358Q==",
      "license": "MIT"
    }
  }
}
